
Microsoft Visual Studio Solution File, Format Version 12.00
# Visual Studio Version 16
VisualStudioVersion = 16.0.35425.106
MinimumVisualStudioVersion = 10.0.40219.1
Project("{FAE04EC0-301F-11D3-BF4B-00C04F79EFBC}") = "First Git Project", "First Git Project.csproj", "{6F3B8807-D77B-4562-9AE6-4F9B6B542415}"
EndProject
Global
	GlobalSection(SolutionConfigurationPlatforms) = preSolution
		Debug|Any CPU = Debug|Any CPU
		Release|Any CPU = Release|Any CPU
	EndGlobalSection
	GlobalSection(ProjectConfigurationPlatforms) = postSolution
		{6F3B8807-D77B-4562-9AE6-4F9B6B542415}.Debug|Any CPU.ActiveCfg = Debug|Any CPU
		{6F3B8807-D77B-4562-9AE6-4F9B6B542415}.Debug|Any CPU.Build.0 = Debug|Any CPU
		{6F3B8807-D77B-4562-9AE6-4F9B6B542415}.Release|Any CPU.ActiveCfg = Release|Any CPU
		{6F3B8807-D77B-4562-9AE6-4F9B6B542415}.Release|Any CPU.Build.0 = Release|Any CPU
	EndGlobalSection
	GlobalSection(SolutionProperties) = preSolution
		HideSolutionNode = FALSE
	EndGlobalSection
	GlobalSection(ExtensibilityGlobals) = postSolution
		SolutionGuid = {E256DFB6-BA23-406E-9549-6C8F7AE0FE45}
	EndGlobalSection
EndGlobal
